// !$*UTF8*$!
{
	archiveVersion = 1;
	classes = {
	};
	objectVersion = 46;
	objects = {

/* Begin PBXBuildFile section */
		B858959E1C02ECCF00B86BA8 /* AppDelegate.swift in Sources */ = {isa = PBXBuildFile; fileRef = B858959D1C02ECCF00B86BA8 /* AppDelegate.swift */; };
		B85895A01C02ECCF00B86BA8 /* ViewController.swift in Sources */ = {isa = PBXBuildFile; fileRef = B858959F1C02ECCF00B86BA8 /* ViewController.swift */; };
		B85895A31C02ECCF00B86BA8 /* Main.storyboard in Resources */ = {isa = PBXBuildFile; fileRef = B85895A11C02ECCF00B86BA8 /* Main.storyboard */; };
		B85895A51C02ECCF00B86BA8 /* Assets.xcassets in Resources */ = {isa = PBXBuildFile; fileRef = B85895A41C02ECCF00B86BA8 /* Assets.xcassets */; };
		B85895A81C02ECCF00B86BA8 /* LaunchScreen.storyboard in Resources */ = {isa = PBXBuildFile; fileRef = B85895A61C02ECCF00B86BA8 /* LaunchScreen.storyboard */; };
		B85895B31C02ECCF00B86BA8 /* Test2Tests.swift in Sources */ = {isa = PBXBuildFile; fileRef = B85895B21C02ECCF00B86BA8 /* Test2Tests.swift */; };
		B85895BE1C02ECCF00B86BA8 /* Test2UITests.swift in Sources */ = {isa = PBXBuildFile; fileRef = B85895BD1C02ECCF00B86BA8 /* Test2UITests.swift */; };
/* End PBXBuildFile section */

/* Begin PBXContainerItemProxy section */
		B85895AF1C02ECCF00B86BA8 /* PBXContainerItemProxy */ = {
			isa = PBXContainerItemProxy;
			containerPortal = B85895921C02ECCF00B86BA8 /* Project object */;
			proxyType = 1;
			remoteGlobalIDString = B85895991C02ECCF00B86BA8;
			remoteInfo = Test2;
		};
		B85895BA1C02ECCF00B86BA8 /* PBXContainerItemProxy */ = {
			isa = PBXContainerItemProxy;
			containerPortal = B85895921C02ECCF00B86BA8 /* Project object */;
			proxyType = 1;
			remoteGlobalIDString = B85895991C02ECCF00B86BA8;
			remoteInfo = Test2;
		};
/* End PBXContainerItemProxy section */

/* Begin PBXFileReference section */
		B858959A1C02ECCF00B86BA8 /* Test2.app */ = {isa = PBXFileReference; explicitFileType = wrapper.application; includeInIndex = 0; path = Test2.app; sourceTree = BUILT_PRODUCTS_DIR; };
		B858959D1C02ECCF00B86BA8 /* AppDelegate.swift */ = {isa = PBXFileReference; lastKnownFileType = sourcecode.swift; path = AppDelegate.swift; sourceTree = "<group>"; };
		B858959F1C02ECCF00B86BA8 /* ViewController.swift */ = {isa = PBXFileReference; lastKnownFileType = sourcecode.swift; path = ViewController.swift; sourceTree = "<group>"; };
		B85895A21C02ECCF00B86BA8 /* Base */ = {isa = PBXFileReference; lastKnownFileType = file.storyboard; name = Base; path = Base.lproj/Main.storyboard; sourceTree = "<group>"; };
		B85895A41C02ECCF00B86BA8 /* Assets.xcassets */ = {isa = PBXFileReference; lastKnownFileType = folder.assetcatalog; path = Assets.xcassets; sourceTree = "<group>"; };
		B85895A71C02ECCF00B86BA8 /* Base */ = {isa = PBXFileReference; lastKnownFileType = file.storyboard; name = Base; path = Base.lproj/LaunchScreen.storyboard; sourceTree = "<group>"; };
		B85895A91C02ECCF00B86BA8 /* Info.plist */ = {isa = PBXFileReference; lastKnownFileType = text.plist.xml; path = Info.plist; sourceTree = "<group>"; };
		B85895AE1C02ECCF00B86BA8 /* Test2Tests.xctest */ = {isa = PBXFileReference; explicitFileType = wrapper.cfbundle; includeInIndex = 0; path = Test2Tests.xctest; sourceTree = BUILT_PRODUCTS_DIR; };
		B85895B21C02ECCF00B86BA8 /* Test2Tests.swift */ = {isa = PBXFileReference; lastKnownFileType = sourcecode.swift; path = Test2Tests.swift; sourceTree = "<group>"; };
		B85895B41C02ECCF00B86BA8 /* Info.plist */ = {isa = PBXFileReference; lastKnownFileType = text.plist.xml; path = Info.plist; sourceTree = "<group>"; };
		B85895B91C02ECCF00B86BA8 /* Test2UITests.xctest */ = {isa = PBXFileReference; explicitFileType = wrapper.cfbundle; includeInIndex = 0; path = Test2UITests.xctest; sourceTree = BUILT_PRODUCTS_DIR; };
		B85895BD1C02ECCF00B86BA8 /* Test2UITests.swift */ = {isa = PBXFileReference; lastKnownFileType = sourcecode.swift; path = Test2UITests.swift; sourceTree = "<group>"; };
		B85895BF1C02ECCF00B86BA8 /* Info.plist */ = {isa = PBXFileReference; lastKnownFileType = text.plist.xml; path = Info.plist; sourceTree = "<group>"; };
/* End PBXFileReference section */

/* Begin PBXFrameworksBuildPhase section */
		B85895971C02ECCF00B86BA8 /* Frameworks */ = {
			isa = PBXFrameworksBuildPhase;
			buildActionMask = 2147483647;
			files = (
			);
			runOnlyForDeploymentPostprocessing = 0;
		};
		B85895AB1C02ECCF00B86BA8 /* Frameworks */ = {
			isa = PBXFrameworksBuildPhase;
			buildActionMask = 2147483647;
			files = (
			);
			runOnlyForDeploymentPostprocessing = 0;
		};
		B85895B61C02ECCF00B86BA8 /* Frameworks */ = {
			isa = PBXFrameworksBuildPhase;
			buildActionMask = 2147483647;
			files = (
			);
			runOnlyForDeploymentPostprocessing = 0;
		};
/* End PBXFrameworksBuildPhase section */

/* Begin PBXGroup section */
		B85895911C02ECCF00B86BA8 = {
			isa = PBXGroup;
			children = (
				B858959C1C02ECCF00B86BA8 /* Test2 */,
				B85895B11C02ECCF00B86BA8 /* Test2Tests */,
				B85895BC1C02ECCF00B86BA8 /* Test2UITests */,
				B858959B1C02ECCF00B86BA8 /* Products */,
			);
			sourceTree = "<group>";
		};
		B858959B1C02ECCF00B86BA8 /* Products */ = {
			isa = PBXGroup;
			children = (
				B858959A1C02ECCF00B86BA8 /* Test2.app */,
				B85895AE1C02ECCF00B86BA8 /* Test2Tests.xctest */,
				B85895B91C02ECCF00B86BA8 /* Test2UITests.xctest */,
			);
			name = Products;
			sourceTree = "<group>";
		};
		B858959C1C02ECCF00B86BA8 /* Test2 */ = {
			isa = PBXGroup;
			children = (
				B858959D1C02ECCF00B86BA8 /* AppDelegate.swift */,
				B858959F1C02ECCF00B86BA8 /* ViewController.swift */,
				B85895A11C02ECCF00B86BA8 /* Main.storyboard */,
				B85895A41C02ECCF00B86BA8 /* Assets.xcassets */,
				B85895A61C02ECCF00B86BA8 /* LaunchScreen.storyboard */,
				B85895A91C02ECCF00B86BA8 /* Info.plist */,
			);
			path = Test2;
			sourceTree = "<group>";
		};
		B85895B11C02ECCF00B86BA8 /* Test2Tests */ = {
			isa = PBXGroup;
			children = (
				B85895B21C02ECCF00B86BA8 /* Test2Tests.swift */,
				B85895B41C02ECCF00B86BA8 /* Info.plist */,
			);
			path = Test2Tests;
			sourceTree = "<group>";
		};
		B85895BC1C02ECCF00B86BA8 /* Test2UITests */ = {
			isa = PBXGroup;
			children = (
				B85895BD1C02ECCF00B86BA8 /* Test2UITests.swift */,
				B85895BF1C02ECCF00B86BA8 /* Info.plist */,
			);
			path = Test2UITests;
			sourceTree = "<group>";
		};
/* End PBXGroup section */

/* Begin PBXNativeTarget section */
		B85895991C02ECCF00B86BA8 /* Test2 */ = {
			isa = PBXNativeTarget;
			buildConfigurationList = B85895C21C02ECCF00B86BA8 /* Build configuration list for PBXNativeTarget "Test2" */;
			buildPhases = (
				B85895961C02ECCF00B86BA8 /* Sources */,
				B85895971C02ECCF00B86BA8 /* Frameworks */,
				B85895981C02ECCF00B86BA8 /* Resources */,
			);
			buildRules = (
			);
			dependencies = (
			);
			name = Test2;
			productName = Test2;
			productReference = B858959A1C02ECCF00B86BA8 /* Test2.app */;
			productType = "com.apple.product-type.application";
		};
		B85895AD1C02ECCF00B86BA8 /* Test2Tests */ = {
			isa = PBXNativeTarget;
			buildConfigurationList = B85895C51C02ECCF00B86BA8 /* Build configuration list for PBXNativeTarget "Test2Tests" */;
			buildPhases = (
				B85895AA1C02ECCF00B86BA8 /* Sources */,
				B85895AB1C02ECCF00B86BA8 /* Frameworks */,
				B85895AC1C02ECCF00B86BA8 /* Resources */,
			);
			buildRules = (
			);
			dependencies = (
				B85895B01C02ECCF00B86BA8 /* PBXTargetDependency */,
			);
			name = Test2Tests;
			productName = Test2Tests;
			productReference = B85895AE1C02ECCF00B86BA8 /* Test2Tests.xctest */;
			productType = "com.apple.product-type.bundle.unit-test";
		};
		B85895B81C02ECCF00B86BA8 /* Test2UITests */ = {
			isa = PBXNativeTarget;
			buildConfigurationList = B85895C81C02ECCF00B86BA8 /* Build configuration list for PBXNativeTarget "Test2UITests" */;
			buildPhases = (
				B85895B51C02ECCF00B86BA8 /* Sources */,
				B85895B61C02ECCF00B86BA8 /* Frameworks */,
				B85895B71C02ECCF00B86BA8 /* Resources */,
			);
			buildRules = (
			);
			dependencies = (
				B85895BB1C02ECCF00B86BA8 /* PBXTargetDependency */,
			);
			name = Test2UITests;
			productName = Test2UITests;
			productReference = B85895B91C02ECCF00B86BA8 /* Test2UITests.xctest */;
			productType = "com.apple.product-type.bundle.ui-testing";
		};
/* End PBXNativeTarget section */

/* Begin PBXProject section */
		B85895921C02ECCF00B86BA8 /* Project object */ = {
			isa = PBXProject;
			attributes = {
				LastSwiftUpdateCheck = 0710;
				LastUpgradeCheck = 0710;
				ORGANIZATIONNAME = oenmac;
				TargetAttributes = {
					B85895991C02ECCF00B86BA8 = {
						CreatedOnToolsVersion = 7.1;
					};
					B85895AD1C02ECCF00B86BA8 = {
						CreatedOnToolsVersion = 7.1;
						TestTargetID = B85895991C02ECCF00B86BA8;
					};
					B85895B81C02ECCF00B86BA8 = {
						CreatedOnToolsVersion = 7.1;
						TestTargetID = B85895991C02ECCF00B86BA8;
					};
				};
			};
			buildConfigurationList = B85895951C02ECCF00B86BA8 /* Build configuration list for PBXProject "Test2" */;
			compatibilityVersion = "Xcode 3.2";
			developmentRegion = English;
			hasScannedForEncodings = 0;
			knownRegions = (
				en,
				Base,
			);
			mainGroup = B85895911C02ECCF00B86BA8;
			productRefGroup = B858959B1C02ECCF00B86BA8 /* Products */;
			projectDirPath = "";
			projectRoot = "";
			targets = (
				B85895991C02ECCF00B86BA8 /* Test2 */,
				B85895AD1C02ECCF00B86BA8 /* Test2Tests */,
				B85895B81C02ECCF00B86BA8 /* Test2UITests */,
			);
		};
/* End PBXProject section */

/* Begin PBXResourcesBuildPhase section */
		B85895981C02ECCF00B86BA8 /* Resources */ = {
			isa = PBXResourcesBuildPhase;
			buildActionMask = 2147483647;
			files = (
				B85895A81C02ECCF00B86BA8 /* LaunchScreen.storyboard in Resources */,
				B85895A51C02ECCF00B86BA8 /* Assets.xcassets in Resources */,
				B85895A31C02ECCF00B86BA8 /* Main.storyboard in Resources */,
			);
			runOnlyForDeploymentPostprocessing = 0;
		};
		B85895AC1C02ECCF00B86BA8 /* Resources */ = {
			isa = PBXResourcesBuildPhase;
			buildActionMask = 2147483647;
			files = (
			);
			runOnlyForDeploymentPostprocessing = 0;
		};
		B85895B71C02ECCF00B86BA8 /* Resources */ = {
			isa = PBXResourcesBuildPhase;
			buildActionMask = 2147483647;
			files = (
			);
			runOnlyForDeploymentPostprocessing = 0;
		};
/* End PBXResourcesBuildPhase section */

/* Begin PBXSourcesBuildPhase section */
		B85895961C02ECCF00B86BA8 /* Sources */ = {
			isa = PBXSourcesBuildPhase;
			buildActionMask = 2147483647;
			files = (
				B85895A01C02ECCF00B86BA8 /* ViewController.swift in Sources */,
				B858959E1C02ECCF00B86BA8 /* AppDelegate.swift in Sources */,
			);
			runOnlyForDeploymentPostprocessing = 0;
		};
		B85895AA1C02ECCF00B86BA8 /* Sources */ = {
			isa = PBXSourcesBuildPhase;
			buildActionMask = 2147483647;
			files = (
				B85895B31C02ECCF00B86BA8 /* Test2Tests.swift in Sources */,
			);
			runOnlyForDeploymentPostprocessing = 0;
		};
		B85895B51C02ECCF00B86BA8 /* Sources */ = {
			isa = PBXSourcesBuildPhase;
			buildActionMask = 2147483647;
			files = (
				B85895BE1C02ECCF00B86BA8 /* Test2UITests.swift in Sources */,
			);
			runOnlyForDeploymentPostprocessing = 0;
		};
/* End PBXSourcesBuildPhase section */

/* Begin PBXTargetDependency section */
		B85895B01C02ECCF00B86BA8 /* PBXTargetDependency */ = {
			isa = PBXTargetDependency;
			target = B85895991C02ECCF00B86BA8 /* Test2 */;
			targetProxy = B85895AF1C02ECCF00B86BA8 /* PBXContainerItemProxy */;
		};
		B85895BB1C02ECCF00B86BA8 /* PBXTargetDependency */ = {
			isa = PBXTargetDependency;
			target = B85895991C02ECCF00B86BA8 /* Test2 */;
			targetProxy = B85895BA1C02ECCF00B86BA8 /* PBXContainerItemProxy */;
		};
/* End PBXTargetDependency section */

/* Begin PBXVariantGroup section */
		B85895A11C02ECCF00B86BA8 /* Main.storyboard */ = {
			isa = PBXVariantGroup;
			children = (
				B85895A21C02ECCF00B86BA8 /* Base */,
			);
			name = Main.storyboard;
			sourceTree = "<group>";
		};
		B85895A61C02ECCF00B86BA8 /* LaunchScreen.storyboard */ = {
			isa = PBXVariantGroup;
			children = (
				B85895A71C02ECCF00B86BA8 /* Base */,
			);
			name = LaunchScreen.storyboard;
			sourceTree = "<group>";
		};
/* End PBXVariantGroup section */

/* Begin XCBuildConfiguration section */
		B85895C01C02ECCF00B86BA8 /* Debug */ = {
			isa = XCBuildConfiguration;
			buildSettings = {
				ALWAYS_SEARCH_USER_PATHS = NO;
				CLANG_CXX_LANGUAGE_STANDARD = "gnu++0x";
				CLANG_CXX_LIBRARY = "libc++";
				CLANG_ENABLE_MODULES = YES;
				CLANG_ENABLE_OBJC_ARC = YES;
				CLANG_WARN_BOOL_CONVERSION = YES;
				CLANG_WARN_CONSTANT_CONVERSION = YES;
				CLANG_WARN_DIRECT_OBJC_ISA_USAGE = YES_ERROR;
				CLANG_WARN_EMPTY_BODY = YES;
				CLANG_WARN_ENUM_CONVERSION = YES;
				CLANG_WARN_INT_CONVERSION = YES;
				CLANG_WARN_OBJC_ROOT_CLASS = YES_ERROR;
				CLANG_WARN_UNREACHABLE_CODE = YES;
				CLANG_WARN__DUPLICATE_METHOD_MATCH = YES;
				"CODE_SIGN_IDENTITY[sdk=iphoneos*]" = "iPhone Developer";
				COPY_PHASE_STRIP = NO;
				DEBUG_INFORMATION_FORMAT = dwarf;
				ENABLE_STRICT_OBJC_MSGSEND = YES;
				ENABLE_TESTABILITY = YES;
				GCC_C_LANGUAGE_STANDARD = gnu99;
				GCC_DYNAMIC_NO_PIC = NO;
				GCC_NO_COMMON_BLOCKS = YES;
				GCC_OPTIMIZATION_LEVEL = 0;
				GCC_PREPROCESSOR_DEFINITIONS = (
					"DEBUG=1",
					"$(inherited)",
				);
				GCC_WARN_64_TO_32_BIT_CONVERSION = YES;
				GCC_WARN_ABOUT_RETURN_TYPE = YES_ERROR;
				GCC_WARN_UNDECLARED_SELECTOR = YES;
				GCC_WARN_UNINITIALIZED_AUTOS = YES_AGGRESSIVE;
				GCC_WARN_UNUSED_FUNCTION = YES;
				GCC_WARN_UNUSED_VARIABLE = YES;
				IPHONEOS_DEPLOYMENT_TARGET = 9.1;
				MTL_ENABLE_DEBUG_INFO = YES;
				ONLY_ACTIVE_ARCH = YES;
				SDKROOT = iphoneos;
				SWIFT_OPTIMIZATION_LEVEL = "-Onone";
			};
			name = Debug;
		};
		B85895C11C02ECCF00B86BA8 /* Release */ = {
			isa = XCBuildConfiguration;
			buildSettings = {
				ALWAYS_SEARCH_USER_PATHS = NO;
				CLANG_CXX_LANGUAGE_STANDARD = "gnu++0x";
				CLANG_CXX_LIBRARY = "libc++";
				CLANG_ENABLE_MODULES = YES;
				CLANG_ENABLE_OBJC_ARC = YES;
				CLANG_WARN_BOOL_CONVERSION = YES;
				CLANG_WARN_CONSTANT_CONVERSION = YES;
				CLANG_WARN_DIRECT_OBJC_ISA_USAGE = YES_ERROR;
				CLANG_WARN_EMPTY_BODY = YES;
				CLANG_WARN_ENUM_CONVERSION = YES;
				CLANG_WARN_INT_CONVERSION = YES;
				CLANG_WARN_OBJC_ROOT_CLASS = YES_ERROR;
				CLANG_WARN_UNREACHABLE_CODE = YES;
				CLANG_WARN__DUPLICATE_METHOD_MATCH = YES;
				"CODE_SIGN_IDENTITY[sdk=iphoneos*]" = "iPhone Developer";
				COPY_PHASE_STRIP = NO;
				DEBUG_INFORMATION_FORMAT = "dwarf-with-dsym";
				ENABLE_NS_ASSERTIONS = NO;
				ENABLE_STRICT_OBJC_MSGSEND = YES;
				GCC_C_LANGUAGE_STANDARD = gnu99;
				GCC_NO_COMMON_BLOCKS = YES;
				GCC_WARN_64_TO_32_BIT_CONVERSION = YES;
				GCC_WARN_ABOUT_RETURN_TYPE = YES_ERROR;
				GCC_WARN_UNDECLARED_SELECTOR = YES;
				GCC_WARN_UNINITIALIZED_AUTOS = YES_AGGRESSIVE;
				GCC_WARN_UNUSED_FUNCTION = YES;
				GCC_WARN_UNUSED_VARIABLE = YES;
				IPHONEOS_DEPLOYMENT_TARGET = 9.1;
				MTL_ENABLE_DEBUG_INFO = NO;
				SDKROOT = iphoneos;
				VALIDATE_PRODUCT = YES;
			};
			name = Release;
		};
		B85895C31C02ECCF00B86BA8 /* Debug */ = {
			isa = XCBuildConfiguration;
			buildSettings = {
				ASSETCATALOG_COMPILER_APPICON_NAME = AppIcon;
				INFOPLIST_FILE = Test2/Info.plist;
				LD_RUNPATH_SEARCH_PATHS = "$(inherited) @executable_path/Frameworks";
				PRODUCT_BUNDLE_IDENTIFIER = com.firsta.oensoft.Test2;
				PRODUCT_NAME = "$(TARGET_NAME)";
			};
			name = Debug;
		};
		B85895C41C02ECCF00B86BA8 /* Release */ = {
			isa = XCBuildConfiguration;
			buildSettings = {
				ASSETCATALOG_COMPILER_APPICON_NAME = AppIcon;
				INFOPLIST_FILE = Test2/Info.plist;
				LD_RUNPATH_SEARCH_PATHS = "$(inherited) @executable_path/Frameworks";
				PRODUCT_BUNDLE_IDENTIFIER = com.firsta.oensoft.Test2;
				PRODUCT_NAME = "$(TARGET_NAME)";
			};
			name = Release;
		};
		B85895C61C02ECCF00B86BA8 /* Debug */ = {
			isa = XCBuildConfiguration;
			buildSettings = {
				BUNDLE_LOADER = "$(TEST_HOST)";
				INFOPLIST_FILE = Test2Tests/Info.plist;
				LD_RUNPATH_SEARCH_PATHS = "$(inherited) @executable_path/Frameworks @loader_path/Frameworks";
				PRODUCT_BUNDLE_IDENTIFIER = com.firsta.oensoft.Test2Tests;
				PRODUCT_NAME = "$(TARGET_NAME)";
				TEST_HOST = "$(BUILT_PRODUCTS_DIR)/Test2.app/Test2";
			};
			name = Debug;
		};
		B85895C71C02ECCF00B86BA8 /* Release */ = {
			isa = XCBuildConfiguration;
			buildSettings = {
				BUNDLE_LOADER = "$(TEST_HOST)";
				INFOPLIST_FILE = Test2Tests/Info.plist;
				LD_RUNPATH_SEARCH_PATHS = "$(inherited) @executable_path/Frameworks @loader_path/Frameworks";
				PRODUCT_BUNDLE_IDENTIFIER = com.firsta.oensoft.Test2Tests;
				PRODUCT_NAME = "$(TARGET_NAME)";
				TEST_HOST = "$(BUILT_PRODUCTS_DIR)/Test2.app/Test2";
			};
			name = Release;
		};
		B85895C91C02ECCF00B86BA8 /* Debug */ = {
			isa = XCBuildConfiguration;
			buildSettings = {
				INFOPLIST_FILE = Test2UITests/Info.plist;
				LD_RUNPATH_SEARCH_PATHS = "$(inherited) @executable_path/Frameworks @loader_path/Frameworks";
				PRODUCT_BUNDLE_IDENTIFIER = com.firsta.oensoft.Test2UITests;
				PRODUCT_NAME = "$(TARGET_NAME)";
				TEST_TARGET_NAME = Test2;
				USES_XCTRUNNER = YES;
			};
			name = Debug;
		};
		B85895CA1C02ECCF00B86BA8 /* Release */ = {
			isa = XCBuildConfiguration;
			buildSettings = {
				INFOPLIST_FILE = Test2UITests/Info.plist;
				LD_RUNPATH_SEARCH_PATHS = "$(inherited) @executable_path/Frameworks @loader_path/Frameworks";
				PRODUCT_BUNDLE_IDENTIFIER = com.firsta.oensoft.Test2UITests;
				PRODUCT_NAME = "$(TARGET_NAME)";
				TEST_TARGET_NAME = Test2;
				USES_XCTRUNNER = YES;
			};
			name = Release;
		};
/* End XCBuildConfiguration section */

/* Begin XCConfigurationList section */
		B85895951C02ECCF00B86BA8 /* Build configuration list for PBXProject "Test2" */ = {
			isa = XCConfigurationList;
			buildConfigurations = (
				B85895C01C02ECCF00B86BA8 /* Debug */,
				B85895C11C02ECCF00B86BA8 /* Release */,
			);
			defaultConfigurationIsVisible = 0;
			defaultConfigurationName = Release;
		};
		B85895C21C02ECCF00B86BA8 /* Build configuration list for PBXNativeTarget "Test2" */ = {
			isa = XCConfigurationList;
			buildConfigurations = (
				B85895C31C02ECCF00B86BA8 /* Debug */,
				B85895C41C02ECCF00B86BA8 /* Release */,
			);
			defaultConfigurationIsVisible = 0;
		};
		B85895C51C02ECCF00B86BA8 /* Build configuration list for PBXNativeTarget "Test2Tests" */ = {
			isa = XCConfigurationList;
			buildConfigurations = (
				B85895C61C02ECCF00B86BA8 /* Debug */,
				B85895C71C02ECCF00B86BA8 /* Release */,
			);
			defaultConfigurationIsVisible = 0;
		};
		B85895C81C02ECCF00B86BA8 /* Build configuration list for PBXNativeTarget "Test2UITests" */ = {
			isa = XCConfigurationList;
			buildConfigurations = (
				B85895C91C02ECCF00B86BA8 /* Debug */,
				B85895CA1C02ECCF00B86BA8 /* Release */,
			);
			defaultConfigurationIsVisible = 0;
		};
/* End XCConfigurationList section */
	};
	rootObject = B85895921C02ECCF00B86BA8 /* Project object */;
}
